[[package]]
name = "backports.entry-points-selectable"
version = "1.1.1"
description = "Compatibility shim providing selectable entry points for older implementations"
category = "main"
optional = false
python-versions = ">=2.7"

[package.extras]
testing = ["pytest-enabler (>=1.0.1)", "pytest-checkdocs (>=2.4)", "pytest-mypy", "pytest-black (>=0.3.7)", "pytest-cov", "pytest-flake8", "pytest"]
docs = ["rst.linker (>=1.9)", "jaraco.packaging (>=8.2)", "sphinx"]

[[package]]
name = "certifi"
version = "2022.6.15.2"
description = "Python package for providing Mozilla's CA Bundle."
category = "main"
optional = false
python-versions = ">=3.6"

[[package]]
name = "chardet"
version = "3.0.4"
description = "Universal encoding detector for Python 2 and 3"
category = "main"
optional = false
python-versions = "*"

[[package]]
name = "click"
version = "7.1"
description = "Composable command line interface toolkit"
category = "main"
optional = false
python-versions = ">=2.7, !=3.0.*, !=3.1.*, !=3.2.*, !=3.3.*, !=3.4.*"

[[package]]
name = "distlib"
version = "0.3.6"
description = "Distribution utilities"
category = "main"
optional = false
python-versions = "*"

[[package]]
name = "filelock"
version = "3.8.0"
description = "A platform independent file lock."
category = "main"
optional = false
python-versions = ">=3.7"

[package.extras]
docs = ["furo (>=2022.6.21)", "sphinx (>=5.1.1)", "sphinx-autodoc-typehints (>=1.19.1)"]
testing = ["covdefaults (>=2.2)", "coverage (>=6.4.2)", "pytest (>=7.1.2)", "pytest-cov (>=3)", "pytest-timeout (>=2.1)"]

[[package]]
name = "idna"
version = "2.5"
description = "Internationalized Domain Names in Applications (IDNA)"
category = "main"
optional = false
python-versions = "*"

[[package]]
name = "platformdirs"
version = "2.5.2"
description = "A small Python module for determining appropriate platform-specific dirs, e.g. a \"user data dir\"."
category = "main"
optional = false
python-versions = ">=3.7"

[package.extras]
docs = ["furo (>=2021.7.5b38)", "proselint (>=0.10.2)", "sphinx-autodoc-typehints (>=1.12)", "sphinx (>=4)"]
test = ["appdirs (==1.4.4)", "pytest-cov (>=2.7)", "pytest-mock (>=3.6)", "pytest (>=6)"]

[[package]]
name = "requests"
version = "2.18.0"
description = "Python HTTP for Humans."
category = "main"
optional = false
python-versions = "*"

[package.dependencies]
certifi = ">=2017.4.17"
chardet = ">=3.0.2,<3.1.0"
idna = ">=2.5,<2.6"
urllib3 = ">=1.21.1,<1.22"

[package.extras]
security = ["cryptography (>=1.3.4)", "idna (>=2.0.0)", "pyOpenSSL (>=0.14)"]
socks = ["PySocks (>=1.5.6,!=1.5.7)", "win-inet-pton"]

[[package]]
name = "selenium"
version = "3.141.0"
description = "Python bindings for Selenium"
category = "main"
optional = false
python-versions = "*"

[package.dependencies]
urllib3 = "*"

[[package]]
name = "six"
version = "1.16.0"
description = "Python 2 and 3 compatibility utilities"
category = "main"
optional = false
python-versions = ">=2.7, !=3.0.*, !=3.1.*, !=3.2.*"

[[package]]
name = "urllib3"
version = "1.21.1"
description = "HTTP library with thread-safe connection pooling, file post, and more."
category = "main"
optional = false
python-versions = "*"

[package.extras]
secure = ["pyOpenSSL (>=0.14)", "cryptography (>=1.3.4)", "idna (>=2.0.0)", "certifi", "ipaddress"]
socks = ["PySocks (>=1.5.6,!=1.5.7,<2.0)"]

[metadata]
lock-version = "1.1"
python-versions = "^3.9"
content-hash = "70e00bf8420d640d07b30e2b4b571d74437f55d8cc7a0a32d1c193989077bf34"

[metadata.files]
"backports.entry-points-selectable" = [
    {file = "backports.entry_points_selectable-1.1.1-py2.py3-none-any.whl", hash = "sha256:7fceed9532a7aa2bd888654a7314f864a3c16a4e710b34a58cfc0f08114c663b"},
    {file = "backports.entry_points_selectable-1.1.1.tar.gz", hash = "sha256:914b21a479fde881635f7af5adc7f6e38d6b274be32269070c53b698c60d5386"},
]
certifi = [
    {file = "certifi-2022.6.15.2-py3-none-any.whl", hash = "sha256:0aa1a42fbd57645fabeb6290a7687c21755b0344ecaeaa05f4e9f6207ae2e9a8"},
    {file = "certifi-2022.6.15.2.tar.gz", hash = "sha256:aa08c101214127b9b0472ca6338315113c9487d45376fd3e669201b477c71003"},
]
chardet = [
    {file = "chardet-3.0.4-py2.py3-none-any.whl", hash = "sha256:fc323ffcaeaed0e0a02bf4d117757b98aed530d9ed4531e3e15460124c106691"},
    {file = "chardet-3.0.4.tar.gz", hash = "sha256:84ab92ed1c4d4f16916e05906b6b75a6c0fb5db821cc65e70cbd64a3e2a5eaae"},
]
click = [
    {file = "click-7.1-py2.py3-none-any.whl", hash = "sha256:91eb2c43db0254aaf3b14a3c4e0db914a900aa09bbc33c6e87ede4a8f7c969dc"},
    {file = "click-7.1.tar.gz", hash = "sha256:482f552f2d5452b9eeffc44165e8b790dd53f75bcce099a812b65e0357e860e2"},
]
distlib = [
    {file = "distlib-0.3.6-py2.py3-none-any.whl", hash = "sha256:f35c4b692542ca110de7ef0bea44d73981caeb34ca0b9b6b2e6d7790dda8f80e"},
    {file = "distlib-0.3.6.tar.gz", hash = "sha256:14bad2d9b04d3a36127ac97f30b12a19268f211063d8f8ee4f47108896e11b46"},
]
filelock = [
    {file = "filelock-3.8.0-py3-none-any.whl", hash = "sha256:617eb4e5eedc82fc5f47b6d61e4d11cb837c56cb4544e39081099fa17ad109d4"},
    {file = "filelock-3.8.0.tar.gz", hash = "sha256:55447caa666f2198c5b6b13a26d2084d26fa5b115c00d065664b2124680c4edc"},
]
idna = [
    {file = "idna-2.5-py2.py3-none-any.whl", hash = "sha256:cc19709fd6d0cbfed39ea875d29ba6d4e22c0cebc510a76d6302a28385e8bb70"},
    {file = "idna-2.5.tar.gz", hash = "sha256:3cb5ce08046c4e3a560fc02f138d0ac63e00f8ce5901a56b32ec8b7994082aab"},
]
platformdirs = [
    {file = "platformdirs-2.5.2-py3-none-any.whl", hash = "sha256:027d8e83a2d7de06bbac4e5ef7e023c02b863d7ea5d079477e722bb41ab25788"},
    {file = "platformdirs-2.5.2.tar.gz", hash = "sha256:58c8abb07dcb441e6ee4b11d8df0ac856038f944ab98b7be6b27b2a3c7feef19"},
]
requests = [
    {file = "requests-2.18.0-py2.py3-none-any.whl", hash = "sha256:5e88d64aa56ac0fda54e77fb9762ebc65879e171b746d5479a33c4082519d6c6"},
    {file = "requests-2.18.0.tar.gz", hash = "sha256:cd0189f962787284bff715fddaad478eb4d9c15aa167bd64e52ea0f661e7ea5c"},
]
selenium = [
    {file = "selenium-3.141.0-py2.py3-none-any.whl", hash = "sha256:2d7131d7bc5a5b99a2d9b04aaf2612c411b03b8ca1b1ee8d3de5845a9be2cb3c"},
    {file = "selenium-3.141.0.tar.gz", hash = "sha256:deaf32b60ad91a4611b98d8002757f29e6f2c2d5fcaf202e1c9ad06d6772300d"},
]
six = [
    {file = "six-1.16.0-py2.py3-none-any.whl", hash = "sha256:8abb2f1d86890a2dfb989f9a77cfcfd3e47c2a354b01111771326f8aa26e0254"},
    {file = "six-1.16.0.tar.gz", hash = "sha256:1e61c37477a1626458e36f7b1d82aa5c9b094fa4802892072e49de9c60c4c926"},
]
urllib3 = [
    {file = "urllib3-1.21.1-py2.py3-none-any.whl", hash = "sha256:8ed6d5c1ff9d6ba84677310060d6a3a78ca3072ce0684cb3c645023009c114b1"},
    {file = "urllib3-1.21.1.tar.gz", hash = "sha256:b14486978518ca0901a76ba973d7821047409d7f726f22156b24e83fd71382a5"},
]
